
Microsoft Visual Studio Solution File, Format Version 12.00
# Visual Studio Version 16
VisualStudioVersion = 16.0.32228.343
MinimumVisualStudioVersion = 10.0.40219.1
Project("{FAE04EC0-301F-11D3-BF4B-00C04F79EFBC}") = "Loops", "Loops\Loops.csproj", "{3EADE238-6722-4571-9E77-625656F48C38}"
EndProject
Project("{FAE04EC0-301F-11D3-BF4B-00C04F79EFBC}") = "LoopCounting", "LoopCounting\LoopCounting.csproj", "{E67A988A-188A-4290-A3E8-1C64D37AFAB5}"
EndProject
Project("{FAE04EC0-301F-11D3-BF4B-00C04F79EFBC}") = "RandomValue", "RandomValue\RandomValue.csproj", "{CBF14451-8A89-4899-98D6-D22706438F54}"
EndProject
Project("{FAE04EC0-301F-11D3-BF4B-00C04F79EFBC}") = "ForLoopPINValidation", "ForLoopPINValidation\ForLoopPINValidation.csproj", "{3A6770D2-DC33-4E08-A57A-C29A53C2ED12}"
EndProject
Project("{FAE04EC0-301F-11D3-BF4B-00C04F79EFBC}") = "CalculationSuminLoop", "CalculationSuminLoop\CalculationSuminLoop.csproj", "{B0895026-EF51-4222-B486-428BB99DAC7F}"
EndProject
Global
	GlobalSection(SolutionConfigurationPlatforms) = preSolution
		Debug|Any CPU = Debug|Any CPU
		Release|Any CPU = Release|Any CPU
	EndGlobalSection
	GlobalSection(ProjectConfigurationPlatforms) = postSolution
		{3EADE238-6722-4571-9E77-625656F48C38}.Debug|Any CPU.ActiveCfg = Debug|Any CPU
		{3EADE238-6722-4571-9E77-625656F48C38}.Debug|Any CPU.Build.0 = Debug|Any CPU
		{3EADE238-6722-4571-9E77-625656F48C38}.Release|Any CPU.ActiveCfg = Release|Any CPU
		{3EADE238-6722-4571-9E77-625656F48C38}.Release|Any CPU.Build.0 = Release|Any CPU
		{E67A988A-188A-4290-A3E8-1C64D37AFAB5}.Debug|Any CPU.ActiveCfg = Debug|Any CPU
		{E67A988A-188A-4290-A3E8-1C64D37AFAB5}.Debug|Any CPU.Build.0 = Debug|Any CPU
		{E67A988A-188A-4290-A3E8-1C64D37AFAB5}.Release|Any CPU.ActiveCfg = Release|Any CPU
		{E67A988A-188A-4290-A3E8-1C64D37AFAB5}.Release|Any CPU.Build.0 = Release|Any CPU
		{CBF14451-8A89-4899-98D6-D22706438F54}.Debug|Any CPU.ActiveCfg = Debug|Any CPU
		{CBF14451-8A89-4899-98D6-D22706438F54}.Debug|Any CPU.Build.0 = Debug|Any CPU
		{CBF14451-8A89-4899-98D6-D22706438F54}.Release|Any CPU.ActiveCfg = Release|Any CPU
		{CBF14451-8A89-4899-98D6-D22706438F54}.Release|Any CPU.Build.0 = Release|Any CPU
		{3A6770D2-DC33-4E08-A57A-C29A53C2ED12}.Debug|Any CPU.ActiveCfg = Debug|Any CPU
		{3A6770D2-DC33-4E08-A57A-C29A53C2ED12}.Debug|Any CPU.Build.0 = Debug|Any CPU
		{3A6770D2-DC33-4E08-A57A-C29A53C2ED12}.Release|Any CPU.ActiveCfg = Release|Any CPU
		{3A6770D2-DC33-4E08-A57A-C29A53C2ED12}.Release|Any CPU.Build.0 = Release|Any CPU
		{B0895026-EF51-4222-B486-428BB99DAC7F}.Debug|Any CPU.ActiveCfg = Debug|Any CPU
		{B0895026-EF51-4222-B486-428BB99DAC7F}.Debug|Any CPU.Build.0 = Debug|Any CPU
		{B0895026-EF51-4222-B486-428BB99DAC7F}.Release|Any CPU.ActiveCfg = Release|Any CPU
		{B0895026-EF51-4222-B486-428BB99DAC7F}.Release|Any CPU.Build.0 = Release|Any CPU
	EndGlobalSection
	GlobalSection(SolutionProperties) = preSolution
		HideSolutionNode = FALSE
	EndGlobalSection
	GlobalSection(ExtensibilityGlobals) = postSolution
		SolutionGuid = {E035A820-6780-4F3D-BC7C-2B5B06545C96}
	EndGlobalSection
EndGlobal
